// !$*UTF8*$!
{
	archiveVersion = 1;
	classes = {
	};
	objectVersion = 55;
	objects = {

/* Begin PBXBuildFile section */
		47EB45D2279666D400F1CF69 /* UI_425App.swift in Sources */ = {isa = PBXBuildFile; fileRef = 47EB45D1279666D400F1CF69 /* UI_425App.swift */; };
		47EB45D4279666D400F1CF69 /* ContentView.swift in Sources */ = {isa = PBXBuildFile; fileRef = 47EB45D3279666D400F1CF69 /* ContentView.swift */; };
		47EB45D6279666D500F1CF69 /* Assets.xcassets in Resources */ = {isa = PBXBuildFile; fileRef = 47EB45D5279666D500F1CF69 /* Assets.xcassets */; };
		47EB45D9279666D500F1CF69 /* Preview Assets.xcassets in Resources */ = {isa = PBXBuildFile; fileRef = 47EB45D8279666D500F1CF69 /* Preview Assets.xcassets */; };
		47EB45E3279666D500F1CF69 /* UI_425Tests.swift in Sources */ = {isa = PBXBuildFile; fileRef = 47EB45E2279666D500F1CF69 /* UI_425Tests.swift */; };
		47EB45ED279666D500F1CF69 /* UI_425UITests.swift in Sources */ = {isa = PBXBuildFile; fileRef = 47EB45EC279666D500F1CF69 /* UI_425UITests.swift */; };
		47EB45EF279666D500F1CF69 /* UI_425UITestsLaunchTests.swift in Sources */ = {isa = PBXBuildFile; fileRef = 47EB45EE279666D500F1CF69 /* UI_425UITestsLaunchTests.swift */; };
		47EB45FD279666DF00F1CF69 /* Home.swift in Sources */ = {isa = PBXBuildFile; fileRef = 47EB45FC279666DF00F1CF69 /* Home.swift */; };
		47EB4600279666E700F1CF69 /* Task.swift in Sources */ = {isa = PBXBuildFile; fileRef = 47EB45FF279666E700F1CF69 /* Task.swift */; };
		47EB46032796690B00F1CF69 /* Extencions.swift in Sources */ = {isa = PBXBuildFile; fileRef = 47EB46022796690B00F1CF69 /* Extencions.swift */; };
/* End PBXBuildFile section */

/* Begin PBXContainerItemProxy section */
		47EB45DF279666D500F1CF69 /* PBXContainerItemProxy */ = {
			isa = PBXContainerItemProxy;
			containerPortal = 47EB45C6279666D400F1CF69 /* Project object */;
			proxyType = 1;
			remoteGlobalIDString = 47EB45CD279666D400F1CF69;
			remoteInfo = "UI-425";
		};
		47EB45E9279666D500F1CF69 /* PBXContainerItemProxy */ = {
			isa = PBXContainerItemProxy;
			containerPortal = 47EB45C6279666D400F1CF69 /* Project object */;
			proxyType = 1;
			remoteGlobalIDString = 47EB45CD279666D400F1CF69;
			remoteInfo = "UI-425";
		};
/* End PBXContainerItemProxy section */

/* Begin PBXFileReference section */
		47EB45CE279666D400F1CF69 /* UI-425.app */ = {isa = PBXFileReference; explicitFileType = wrapper.application; includeInIndex = 0; path = "UI-425.app"; sourceTree = BUILT_PRODUCTS_DIR; };
		47EB45D1279666D400F1CF69 /* UI_425App.swift */ = {isa = PBXFileReference; lastKnownFileType = sourcecode.swift; path = UI_425App.swift; sourceTree = "<group>"; };
		47EB45D3279666D400F1CF69 /* ContentView.swift */ = {isa = PBXFileReference; lastKnownFileType = sourcecode.swift; path = ContentView.swift; sourceTree = "<group>"; };
		47EB45D5279666D500F1CF69 /* Assets.xcassets */ = {isa = PBXFileReference; lastKnownFileType = folder.assetcatalog; path = Assets.xcassets; sourceTree = "<group>"; };
		47EB45D8279666D500F1CF69 /* Preview Assets.xcassets */ = {isa = PBXFileReference; lastKnownFileType = folder.assetcatalog; path = "Preview Assets.xcassets"; sourceTree = "<group>"; };
		47EB45DE279666D500F1CF69 /* UI-425Tests.xctest */ = {isa = PBXFileReference; explicitFileType = wrapper.cfbundle; includeInIndex = 0; path = "UI-425Tests.xctest"; sourceTree = BUILT_PRODUCTS_DIR; };
		47EB45E2279666D500F1CF69 /* UI_425Tests.swift */ = {isa = PBXFileReference; lastKnownFileType = sourcecode.swift; path = UI_425Tests.swift; sourceTree = "<group>"; };
		47EB45E8279666D500F1CF69 /* UI-425UITests.xctest */ = {isa = PBXFileReference; explicitFileType = wrapper.cfbundle; includeInIndex = 0; path = "UI-425UITests.xctest"; sourceTree = BUILT_PRODUCTS_DIR; };
		47EB45EC279666D500F1CF69 /* UI_425UITests.swift */ = {isa = PBXFileReference; lastKnownFileType = sourcecode.swift; path = UI_425UITests.swift; sourceTree = "<group>"; };
		47EB45EE279666D500F1CF69 /* UI_425UITestsLaunchTests.swift */ = {isa = PBXFileReference; lastKnownFileType = sourcecode.swift; path = UI_425UITestsLaunchTests.swift; sourceTree = "<group>"; };
		47EB45FC279666DF00F1CF69 /* Home.swift */ = {isa = PBXFileReference; lastKnownFileType = sourcecode.swift; path = Home.swift; sourceTree = "<group>"; };
		47EB45FF279666E700F1CF69 /* Task.swift */ = {isa = PBXFileReference; lastKnownFileType = sourcecode.swift; path = Task.swift; sourceTree = "<group>"; };
		47EB46022796690B00F1CF69 /* Extencions.swift */ = {isa = PBXFileReference; lastKnownFileType = sourcecode.swift; path = Extencions.swift; sourceTree = "<group>"; };
/* End PBXFileReference section */

/* Begin PBXFrameworksBuildPhase section */
		47EB45CB279666D400F1CF69 /* Frameworks */ = {
			isa = PBXFrameworksBuildPhase;
			buildActionMask = 2147483647;
			files = (
			);
			runOnlyForDeploymentPostprocessing = 0;
		};
		47EB45DB279666D500F1CF69 /* Frameworks */ = {
			isa = PBXFrameworksBuildPhase;
			buildActionMask = 2147483647;
			files = (
			);
			runOnlyForDeploymentPostprocessing = 0;
		};
		47EB45E5279666D500F1CF69 /* Frameworks */ = {
			isa = PBXFrameworksBuildPhase;
			buildActionMask = 2147483647;
			files = (
			);
			runOnlyForDeploymentPostprocessing = 0;
		};
/* End PBXFrameworksBuildPhase section */

/* Begin PBXGroup section */
		47EB45C5279666D400F1CF69 = {
			isa = PBXGroup;
			children = (
				47EB45D0279666D400F1CF69 /* UI-425 */,
				47EB45E1279666D500F1CF69 /* UI-425Tests */,
				47EB45EB279666D500F1CF69 /* UI-425UITests */,
				47EB45CF279666D400F1CF69 /* Products */,
			);
			sourceTree = "<group>";
		};
		47EB45CF279666D400F1CF69 /* Products */ = {
			isa = PBXGroup;
			children = (
				47EB45CE279666D400F1CF69 /* UI-425.app */,
				47EB45DE279666D500F1CF69 /* UI-425Tests.xctest */,
				47EB45E8279666D500F1CF69 /* UI-425UITests.xctest */,
			);
			name = Products;
			sourceTree = "<group>";
		};
		47EB45D0279666D400F1CF69 /* UI-425 */ = {
			isa = PBXGroup;
			children = (
				47EB46012796690100F1CF69 /* Helpers */,
				47EB45FE279666E000F1CF69 /* Model */,
				47EB45FB279666DA00F1CF69 /* View */,
				47EB45D1279666D400F1CF69 /* UI_425App.swift */,
				47EB45D3279666D400F1CF69 /* ContentView.swift */,
				47EB45D5279666D500F1CF69 /* Assets.xcassets */,
				47EB45D7279666D500F1CF69 /* Preview Content */,
			);
			path = "UI-425";
			sourceTree = "<group>";
		};
		47EB45D7279666D500F1CF69 /* Preview Content */ = {
			isa = PBXGroup;
			children = (
				47EB45D8279666D500F1CF69 /* Preview Assets.xcassets */,
			);
			path = "Preview Content";
			sourceTree = "<group>";
		};
		47EB45E1279666D500F1CF69 /* UI-425Tests */ = {
			isa = PBXGroup;
			children = (
				47EB45E2279666D500F1CF69 /* UI_425Tests.swift */,
			);
			path = "UI-425Tests";
			sourceTree = "<group>";
		};
		47EB45EB279666D500F1CF69 /* UI-425UITests */ = {
			isa = PBXGroup;
			children = (
				47EB45EC279666D500F1CF69 /* UI_425UITests.swift */,
				47EB45EE279666D500F1CF69 /* UI_425UITestsLaunchTests.swift */,
			);
			path = "UI-425UITests";
			sourceTree = "<group>";
		};
		47EB45FB279666DA00F1CF69 /* View */ = {
			isa = PBXGroup;
			children = (
				47EB45FC279666DF00F1CF69 /* Home.swift */,
			);
			path = View;
			sourceTree = "<group>";
		};
		47EB45FE279666E000F1CF69 /* Model */ = {
			isa = PBXGroup;
			children = (
				47EB45FF279666E700F1CF69 /* Task.swift */,
			);
			path = Model;
			sourceTree = "<group>";
		};
		47EB46012796690100F1CF69 /* Helpers */ = {
			isa = PBXGroup;
			children = (
				47EB46022796690B00F1CF69 /* Extencions.swift */,
			);
			path = Helpers;
			sourceTree = "<group>";
		};
/* End PBXGroup section */

/* Begin PBXNativeTarget section */
		47EB45CD279666D400F1CF69 /* UI-425 */ = {
			isa = PBXNativeTarget;
			buildConfigurationList = 47EB45F2279666D500F1CF69 /* Build configuration list for PBXNativeTarget "UI-425" */;
			buildPhases = (
				47EB45CA279666D400F1CF69 /* Sources */,
				47EB45CB279666D400F1CF69 /* Frameworks */,
				47EB45CC279666D400F1CF69 /* Resources */,
			);
			buildRules = (
			);
			dependencies = (
			);
			name = "UI-425";
			productName = "UI-425";
			productReference = 47EB45CE279666D400F1CF69 /* UI-425.app */;
			productType = "com.apple.product-type.application";
		};
		47EB45DD279666D500F1CF69 /* UI-425Tests */ = {
			isa = PBXNativeTarget;
			buildConfigurationList = 47EB45F5279666D500F1CF69 /* Build configuration list for PBXNativeTarget "UI-425Tests" */;
			buildPhases = (
				47EB45DA279666D500F1CF69 /* Sources */,
				47EB45DB279666D500F1CF69 /* Frameworks */,
				47EB45DC279666D500F1CF69 /* Resources */,
			);
			buildRules = (
			);
			dependencies = (
				47EB45E0279666D500F1CF69 /* PBXTargetDependency */,
			);
			name = "UI-425Tests";
			productName = "UI-425Tests";
			productReference = 47EB45DE279666D500F1CF69 /* UI-425Tests.xctest */;
			productType = "com.apple.product-type.bundle.unit-test";
		};
		47EB45E7279666D500F1CF69 /* UI-425UITests */ = {
			isa = PBXNativeTarget;
			buildConfigurationList = 47EB45F8279666D500F1CF69 /* Build configuration list for PBXNativeTarget "UI-425UITests" */;
			buildPhases = (
				47EB45E4279666D500F1CF69 /* Sources */,
				47EB45E5279666D500F1CF69 /* Frameworks */,
				47EB45E6279666D500F1CF69 /* Resources */,
			);
			buildRules = (
			);
			dependencies = (
				47EB45EA279666D500F1CF69 /* PBXTargetDependency */,
			);
			name = "UI-425UITests";
			productName = "UI-425UITests";
			productReference = 47EB45E8279666D500F1CF69 /* UI-425UITests.xctest */;
			productType = "com.apple.product-type.bundle.ui-testing";
		};
/* End PBXNativeTarget section */

/* Begin PBXProject section */
		47EB45C6279666D400F1CF69 /* Project object */ = {
			isa = PBXProject;
			attributes = {
				BuildIndependentTargetsInParallel = 1;
				LastSwiftUpdateCheck = 1320;
				LastUpgradeCheck = 1320;
				TargetAttributes = {
					47EB45CD279666D400F1CF69 = {
						CreatedOnToolsVersion = 13.2.1;
					};
					47EB45DD279666D500F1CF69 = {
						CreatedOnToolsVersion = 13.2.1;
						TestTargetID = 47EB45CD279666D400F1CF69;
					};
					47EB45E7279666D500F1CF69 = {
						CreatedOnToolsVersion = 13.2.1;
						TestTargetID = 47EB45CD279666D400F1CF69;
					};
				};
			};
			buildConfigurationList = 47EB45C9279666D400F1CF69 /* Build configuration list for PBXProject "UI-425" */;
			compatibilityVersion = "Xcode 13.0";
			developmentRegion = en;
			hasScannedForEncodings = 0;
			knownRegions = (
				en,
				Base,
			);
			mainGroup = 47EB45C5279666D400F1CF69;
			productRefGroup = 47EB45CF279666D400F1CF69 /* Products */;
			projectDirPath = "";
			projectRoot = "";
			targets = (
				47EB45CD279666D400F1CF69 /* UI-425 */,
				47EB45DD279666D500F1CF69 /* UI-425Tests */,
				47EB45E7279666D500F1CF69 /* UI-425UITests */,
			);
		};
/* End PBXProject section */

/* Begin PBXResourcesBuildPhase section */
		47EB45CC279666D400F1CF69 /* Resources */ = {
			isa = PBXResourcesBuildPhase;
			buildActionMask = 2147483647;
			files = (
				47EB45D9279666D500F1CF69 /* Preview Assets.xcassets in Resources */,
				47EB45D6279666D500F1CF69 /* Assets.xcassets in Resources */,
			);
			runOnlyForDeploymentPostprocessing = 0;
		};
		47EB45DC279666D500F1CF69 /* Resources */ = {
			isa = PBXResourcesBuildPhase;
			buildActionMask = 2147483647;
			files = (
			);
			runOnlyForDeploymentPostprocessing = 0;
		};
		47EB45E6279666D500F1CF69 /* Resources */ = {
			isa = PBXResourcesBuildPhase;
			buildActionMask = 2147483647;
			files = (
			);
			runOnlyForDeploymentPostprocessing = 0;
		};
/* End PBXResourcesBuildPhase section */

/* Begin PBXSourcesBuildPhase section */
		47EB45CA279666D400F1CF69 /* Sources */ = {
			isa = PBXSourcesBuildPhase;
			buildActionMask = 2147483647;
			files = (
				47EB4600279666E700F1CF69 /* Task.swift in Sources */,
				47EB45D4279666D400F1CF69 /* ContentView.swift in Sources */,
				47EB46032796690B00F1CF69 /* Extencions.swift in Sources */,
				47EB45FD279666DF00F1CF69 /* Home.swift in Sources */,
				47EB45D2279666D400F1CF69 /* UI_425App.swift in Sources */,
			);
			runOnlyForDeploymentPostprocessing = 0;
		};
		47EB45DA279666D500F1CF69 /* Sources */ = {
			isa = PBXSourcesBuildPhase;
			buildActionMask = 2147483647;
			files = (
				47EB45E3279666D500F1CF69 /* UI_425Tests.swift in Sources */,
			);
			runOnlyForDeploymentPostprocessing = 0;
		};
		47EB45E4279666D500F1CF69 /* Sources */ = {
			isa = PBXSourcesBuildPhase;
			buildActionMask = 2147483647;
			files = (
				47EB45EF279666D500F1CF69 /* UI_425UITestsLaunchTests.swift in Sources */,
				47EB45ED279666D500F1CF69 /* UI_425UITests.swift in Sources */,
			);
			runOnlyForDeploymentPostprocessing = 0;
		};
/* End PBXSourcesBuildPhase section */

/* Begin PBXTargetDependency section */
		47EB45E0279666D500F1CF69 /* PBXTargetDependency */ = {
			isa = PBXTargetDependency;
			target = 47EB45CD279666D400F1CF69 /* UI-425 */;
			targetProxy = 47EB45DF279666D500F1CF69 /* PBXContainerItemProxy */;
		};
		47EB45EA279666D500F1CF69 /* PBXTargetDependency */ = {
			isa = PBXTargetDependency;
			target = 47EB45CD279666D400F1CF69 /* UI-425 */;
			targetProxy = 47EB45E9279666D500F1CF69 /* PBXContainerItemProxy */;
		};
/* End PBXTargetDependency section */

/* Begin XCBuildConfiguration section */
		47EB45F0279666D500F1CF69 /* Debug */ = {
			isa = XCBuildConfiguration;
			buildSettings = {
				ALWAYS_SEARCH_USER_PATHS = NO;
				CLANG_ANALYZER_NONNULL = YES;
				CLANG_ANALYZER_NUMBER_OBJECT_CONVERSION = YES_AGGRESSIVE;
				CLANG_CXX_LANGUAGE_STANDARD = "gnu++17";
				CLANG_CXX_LIBRARY = "libc++";
				CLANG_ENABLE_MODULES = YES;
				CLANG_ENABLE_OBJC_ARC = YES;
				CLANG_ENABLE_OBJC_WEAK = YES;
				CLANG_WARN_BLOCK_CAPTURE_AUTORELEASING = YES;
				CLANG_WARN_BOOL_CONVERSION = YES;
				CLANG_WARN_COMMA = YES;
				CLANG_WARN_CONSTANT_CONVERSION = YES;
				CLANG_WARN_DEPRECATED_OBJC_IMPLEMENTATIONS = YES;
				CLANG_WARN_DIRECT_OBJC_ISA_USAGE = YES_ERROR;
				CLANG_WARN_DOCUMENTATION_COMMENTS = YES;
				CLANG_WARN_EMPTY_BODY = YES;
				CLANG_WARN_ENUM_CONVERSION = YES;
				CLANG_WARN_INFINITE_RECURSION = YES;
				CLANG_WARN_INT_CONVERSION = YES;
				CLANG_WARN_NON_LITERAL_NULL_CONVERSION = YES;
				CLANG_WARN_OBJC_IMPLICIT_RETAIN_SELF = YES;
				CLANG_WARN_OBJC_LITERAL_CONVERSION = YES;
				CLANG_WARN_OBJC_ROOT_CLASS = YES_ERROR;
				CLANG_WARN_QUOTED_INCLUDE_IN_FRAMEWORK_HEADER = YES;
				CLANG_WARN_RANGE_LOOP_ANALYSIS = YES;
				CLANG_WARN_STRICT_PROTOTYPES = YES;
				CLANG_WARN_SUSPICIOUS_MOVE = YES;
				CLANG_WARN_UNGUARDED_AVAILABILITY = YES_AGGRESSIVE;
				CLANG_WARN_UNREACHABLE_CODE = YES;
				CLANG_WARN__DUPLICATE_METHOD_MATCH = YES;
				COPY_PHASE_STRIP = NO;
				DEBUG_INFORMATION_FORMAT = dwarf;
				ENABLE_STRICT_OBJC_MSGSEND = YES;
				ENABLE_TESTABILITY = YES;
				GCC_C_LANGUAGE_STANDARD = gnu11;
				GCC_DYNAMIC_NO_PIC = NO;
				GCC_NO_COMMON_BLOCKS = YES;
				GCC_OPTIMIZATION_LEVEL = 0;
				GCC_PREPROCESSOR_DEFINITIONS = (
					"DEBUG=1",
					"$(inherited)",
				);
				GCC_WARN_64_TO_32_BIT_CONVERSION = YES;
				GCC_WARN_ABOUT_RETURN_TYPE = YES_ERROR;
				GCC_WARN_UNDECLARED_SELECTOR = YES;
				GCC_WARN_UNINITIALIZED_AUTOS = YES_AGGRESSIVE;
				GCC_WARN_UNUSED_FUNCTION = YES;
				GCC_WARN_UNUSED_VARIABLE = YES;
				IPHONEOS_DEPLOYMENT_TARGET = 15.2;
				MTL_ENABLE_DEBUG_INFO = INCLUDE_SOURCE;
				MTL_FAST_MATH = YES;
				ONLY_ACTIVE_ARCH = YES;
				SDKROOT = iphoneos;
				SWIFT_ACTIVE_COMPILATION_CONDITIONS = DEBUG;
				SWIFT_OPTIMIZATION_LEVEL = "-Onone";
			};
			name = Debug;
		};
		47EB45F1279666D500F1CF69 /* Release */ = {
			isa = XCBuildConfiguration;
			buildSettings = {
				ALWAYS_SEARCH_USER_PATHS = NO;
				CLANG_ANALYZER_NONNULL = YES;
				CLANG_ANALYZER_NUMBER_OBJECT_CONVERSION = YES_AGGRESSIVE;
				CLANG_CXX_LANGUAGE_STANDARD = "gnu++17";
				CLANG_CXX_LIBRARY = "libc++";
				CLANG_ENABLE_MODULES = YES;
				CLANG_ENABLE_OBJC_ARC = YES;
				CLANG_ENABLE_OBJC_WEAK = YES;
				CLANG_WARN_BLOCK_CAPTURE_AUTORELEASING = YES;
				CLANG_WARN_BOOL_CONVERSION = YES;
				CLANG_WARN_COMMA = YES;
				CLANG_WARN_CONSTANT_CONVERSION = YES;
				CLANG_WARN_DEPRECATED_OBJC_IMPLEMENTATIONS = YES;
				CLANG_WARN_DIRECT_OBJC_ISA_USAGE = YES_ERROR;
				CLANG_WARN_DOCUMENTATION_COMMENTS = YES;
				CLANG_WARN_EMPTY_BODY = YES;
				CLANG_WARN_ENUM_CONVERSION = YES;
				CLANG_WARN_INFINITE_RECURSION = YES;
				CLANG_WARN_INT_CONVERSION = YES;
				CLANG_WARN_NON_LITERAL_NULL_CONVERSION = YES;
				CLANG_WARN_OBJC_IMPLICIT_RETAIN_SELF = YES;
				CLANG_WARN_OBJC_LITERAL_CONVERSION = YES;
				CLANG_WARN_OBJC_ROOT_CLASS = YES_ERROR;
				CLANG_WARN_QUOTED_INCLUDE_IN_FRAMEWORK_HEADER = YES;
				CLANG_WARN_RANGE_LOOP_ANALYSIS = YES;
				CLANG_WARN_STRICT_PROTOTYPES = YES;
				CLANG_WARN_SUSPICIOUS_MOVE = YES;
				CLANG_WARN_UNGUARDED_AVAILABILITY = YES_AGGRESSIVE;
				CLANG_WARN_UNREACHABLE_CODE = YES;
				CLANG_WARN__DUPLICATE_METHOD_MATCH = YES;
				COPY_PHASE_STRIP = NO;
				DEBUG_INFORMATION_FORMAT = "dwarf-with-dsym";
				ENABLE_NS_ASSERTIONS = NO;
				ENABLE_STRICT_OBJC_MSGSEND = YES;
				GCC_C_LANGUAGE_STANDARD = gnu11;
				GCC_NO_COMMON_BLOCKS = YES;
				GCC_WARN_64_TO_32_BIT_CONVERSION = YES;
				GCC_WARN_ABOUT_RETURN_TYPE = YES_ERROR;
				GCC_WARN_UNDECLARED_SELECTOR = YES;
				GCC_WARN_UNINITIALIZED_AUTOS = YES_AGGRESSIVE;
				GCC_WARN_UNUSED_FUNCTION = YES;
				GCC_WARN_UNUSED_VARIABLE = YES;
				IPHONEOS_DEPLOYMENT_TARGET = 15.2;
				MTL_ENABLE_DEBUG_INFO = NO;
				MTL_FAST_MATH = YES;
				SDKROOT = iphoneos;
				SWIFT_COMPILATION_MODE = wholemodule;
				SWIFT_OPTIMIZATION_LEVEL = "-O";
				VALIDATE_PRODUCT = YES;
			};
			name = Release;
		};
		47EB45F3279666D500F1CF69 /* Debug */ = {
			isa = XCBuildConfiguration;
			buildSettings = {
				ASSETCATALOG_COMPILER_APPICON_NAME = AppIcon;
				ASSETCATALOG_COMPILER_GLOBAL_ACCENT_COLOR_NAME = AccentColor;
				CODE_SIGN_STYLE = Automatic;
				CURRENT_PROJECT_VERSION = 1;
				DEVELOPMENT_ASSET_PATHS = "\"UI-425/Preview Content\"";
				DEVELOPMENT_TEAM = 8CL4U468K5;
				ENABLE_PREVIEWS = YES;
				GENERATE_INFOPLIST_FILE = YES;
				INFOPLIST_KEY_UIApplicationSceneManifest_Generation = YES;
				INFOPLIST_KEY_UIApplicationSupportsIndirectInputEvents = YES;
				INFOPLIST_KEY_UILaunchScreen_Generation = YES;
				INFOPLIST_KEY_UISupportedInterfaceOrientations_iPad = "UIInterfaceOrientationPortrait UIInterfaceOrientationPortraitUpsideDown UIInterfaceOrientationLandscapeLeft UIInterfaceOrientationLandscapeRight";
				INFOPLIST_KEY_UISupportedInterfaceOrientations_iPhone = "UIInterfaceOrientationPortrait UIInterfaceOrientationLandscapeLeft UIInterfaceOrientationLandscapeRight";
				LD_RUNPATH_SEARCH_PATHS = (
					"$(inherited)",
					"@executable_path/Frameworks",
				);
				MARKETING_VERSION = 1.0;
				PRODUCT_BUNDLE_IDENTIFIER = "com.585.UI-425";
				PRODUCT_NAME = "$(TARGET_NAME)";
				SWIFT_EMIT_LOC_STRINGS = YES;
				SWIFT_VERSION = 5.0;
				TARGETED_DEVICE_FAMILY = "1,2";
			};
			name = Debug;
		};
		47EB45F4279666D500F1CF69 /* Release */ = {
			isa = XCBuildConfiguration;
			buildSettings = {
				ASSETCATALOG_COMPILER_APPICON_NAME = AppIcon;
				ASSETCATALOG_COMPILER_GLOBAL_ACCENT_COLOR_NAME = AccentColor;
				CODE_SIGN_STYLE = Automatic;
				CURRENT_PROJECT_VERSION = 1;
				DEVELOPMENT_ASSET_PATHS = "\"UI-425/Preview Content\"";
				DEVELOPMENT_TEAM = 8CL4U468K5;
				ENABLE_PREVIEWS = YES;
				GENERATE_INFOPLIST_FILE = YES;
				INFOPLIST_KEY_UIApplicationSceneManifest_Generation = YES;
				INFOPLIST_KEY_UIApplicationSupportsIndirectInputEvents = YES;
				INFOPLIST_KEY_UILaunchScreen_Generation = YES;
				INFOPLIST_KEY_UISupportedInterfaceOrientations_iPad = "UIInterfaceOrientationPortrait UIInterfaceOrientationPortraitUpsideDown UIInterfaceOrientationLandscapeLeft UIInterfaceOrientationLandscapeRight";
				INFOPLIST_KEY_UISupportedInterfaceOrientations_iPhone = "UIInterfaceOrientationPortrait UIInterfaceOrientationLandscapeLeft UIInterfaceOrientationLandscapeRight";
				LD_RUNPATH_SEARCH_PATHS = (
					"$(inherited)",
					"@executable_path/Frameworks",
				);
				MARKETING_VERSION = 1.0;
				PRODUCT_BUNDLE_IDENTIFIER = "com.585.UI-425";
				PRODUCT_NAME = "$(TARGET_NAME)";
				SWIFT_EMIT_LOC_STRINGS = YES;
				SWIFT_VERSION = 5.0;
				TARGETED_DEVICE_FAMILY = "1,2";
			};
			name = Release;
		};
		47EB45F6279666D500F1CF69 /* Debug */ = {
			isa = XCBuildConfiguration;
			buildSettings = {
				ALWAYS_EMBED_SWIFT_STANDARD_LIBRARIES = YES;
				BUNDLE_LOADER = "$(TEST_HOST)";
				CODE_SIGN_STYLE = Automatic;
				CURRENT_PROJECT_VERSION = 1;
				DEVELOPMENT_TEAM = 8CL4U468K5;
				GENERATE_INFOPLIST_FILE = YES;
				IPHONEOS_DEPLOYMENT_TARGET = 15.2;
				MARKETING_VERSION = 1.0;
				PRODUCT_BUNDLE_IDENTIFIER = "com.585.UI-425Tests";
				PRODUCT_NAME = "$(TARGET_NAME)";
				SWIFT_EMIT_LOC_STRINGS = NO;
				SWIFT_VERSION = 5.0;
				TARGETED_DEVICE_FAMILY = "1,2";
				TEST_HOST = "$(BUILT_PRODUCTS_DIR)/UI-425.app/UI-425";
			};
			name = Debug;
		};
		47EB45F7279666D500F1CF69 /* Release */ = {
			isa = XCBuildConfiguration;
			buildSettings = {
				ALWAYS_EMBED_SWIFT_STANDARD_LIBRARIES = YES;
				BUNDLE_LOADER = "$(TEST_HOST)";
				CODE_SIGN_STYLE = Automatic;
				CURRENT_PROJECT_VERSION = 1;
				DEVELOPMENT_TEAM = 8CL4U468K5;
				GENERATE_INFOPLIST_FILE = YES;
				IPHONEOS_DEPLOYMENT_TARGET = 15.2;
				MARKETING_VERSION = 1.0;
				PRODUCT_BUNDLE_IDENTIFIER = "com.585.UI-425Tests";
				PRODUCT_NAME = "$(TARGET_NAME)";
				SWIFT_EMIT_LOC_STRINGS = NO;
				SWIFT_VERSION = 5.0;
				TARGETED_DEVICE_FAMILY = "1,2";
				TEST_HOST = "$(BUILT_PRODUCTS_DIR)/UI-425.app/UI-425";
			};
			name = Release;
		};
		47EB45F9279666D500F1CF69 /* Debug */ = {
			isa = XCBuildConfiguration;
			buildSettings = {
				ALWAYS_EMBED_SWIFT_STANDARD_LIBRARIES = YES;
				CODE_SIGN_STYLE = Automatic;
				CURRENT_PROJECT_VERSION = 1;
				DEVELOPMENT_TEAM = 8CL4U468K5;
				GENERATE_INFOPLIST_FILE = YES;
				MARKETING_VERSION = 1.0;
				PRODUCT_BUNDLE_IDENTIFIER = "com.585.UI-425UITests";
				PRODUCT_NAME = "$(TARGET_NAME)";
				SWIFT_EMIT_LOC_STRINGS = NO;
				SWIFT_VERSION = 5.0;
				TARGETED_DEVICE_FAMILY = "1,2";
				TEST_TARGET_NAME = "UI-425";
			};
			name = Debug;
		};
		47EB45FA279666D500F1CF69 /* Release */ = {
			isa = XCBuildConfiguration;
			buildSettings = {
				ALWAYS_EMBED_SWIFT_STANDARD_LIBRARIES = YES;
				CODE_SIGN_STYLE = Automatic;
				CURRENT_PROJECT_VERSION = 1;
				DEVELOPMENT_TEAM = 8CL4U468K5;
				GENERATE_INFOPLIST_FILE = YES;
				MARKETING_VERSION = 1.0;
				PRODUCT_BUNDLE_IDENTIFIER = "com.585.UI-425UITests";
				PRODUCT_NAME = "$(TARGET_NAME)";
				SWIFT_EMIT_LOC_STRINGS = NO;
				SWIFT_VERSION = 5.0;
				TARGETED_DEVICE_FAMILY = "1,2";
				TEST_TARGET_NAME = "UI-425";
			};
			name = Release;
		};
/* End XCBuildConfiguration section */

/* Begin XCConfigurationList section */
		47EB45C9279666D400F1CF69 /* Build configuration list for PBXProject "UI-425" */ = {
			isa = XCConfigurationList;
			buildConfigurations = (
				47EB45F0279666D500F1CF69 /* Debug */,
				47EB45F1279666D500F1CF69 /* Release */,
			);
			defaultConfigurationIsVisible = 0;
			defaultConfigurationName = Release;
		};
		47EB45F2279666D500F1CF69 /* Build configuration list for PBXNativeTarget "UI-425" */ = {
			isa = XCConfigurationList;
			buildConfigurations = (
				47EB45F3279666D500F1CF69 /* Debug */,
				47EB45F4279666D500F1CF69 /* Release */,
			);
			defaultConfigurationIsVisible = 0;
			defaultConfigurationName = Release;
		};
		47EB45F5279666D500F1CF69 /* Build configuration list for PBXNativeTarget "UI-425Tests" */ = {
			isa = XCConfigurationList;
			buildConfigurations = (
				47EB45F6279666D500F1CF69 /* Debug */,
				47EB45F7279666D500F1CF69 /* Release */,
			);
			defaultConfigurationIsVisible = 0;
			defaultConfigurationName = Release;
		};
		47EB45F8279666D500F1CF69 /* Build configuration list for PBXNativeTarget "UI-425UITests" */ = {
			isa = XCConfigurationList;
			buildConfigurations = (
				47EB45F9279666D500F1CF69 /* Debug */,
				47EB45FA279666D500F1CF69 /* Release */,
			);
			defaultConfigurationIsVisible = 0;
			defaultConfigurationName = Release;
		};
/* End XCConfigurationList section */
	};
	rootObject = 47EB45C6279666D400F1CF69 /* Project object */;
}
